
Microsoft Visual Studio Solution File, Format Version 12.00
# Visual Studio 15
VisualStudioVersion = 15.0.26228.4
MinimumVisualStudioVersion = 10.0.40219.1
Project("{FAE04EC0-301F-11D3-BF4B-00C04F79EFBC}") = "Catalog", "Catalog\Catalog.csproj", "{87FFE76D-4CCF-4501-ABE7-93096DC224CE}"
EndProject
Project("{FAE04EC0-301F-11D3-BF4B-00C04F79EFBC}") = "DataLayerSql", "DataLayer\DataLayerSql.csproj", "{F5DFD451-08D4-49E1-803F-D0417FE4156D}"
EndProject
Global
	GlobalSection(SolutionConfigurationPlatforms) = preSolution
		Debug|Any CPU = Debug|Any CPU
		Release|Any CPU = Release|Any CPU
	EndGlobalSection
	GlobalSection(ProjectConfigurationPlatforms) = postSolution
		{87FFE76D-4CCF-4501-ABE7-93096DC224CE}.Debug|Any CPU.ActiveCfg = Debug|Any CPU
		{87FFE76D-4CCF-4501-ABE7-93096DC224CE}.Debug|Any CPU.Build.0 = Debug|Any CPU
		{87FFE76D-4CCF-4501-ABE7-93096DC224CE}.Release|Any CPU.ActiveCfg = Release|Any CPU
		{87FFE76D-4CCF-4501-ABE7-93096DC224CE}.Release|Any CPU.Build.0 = Release|Any CPU
		{F5DFD451-08D4-49E1-803F-D0417FE4156D}.Debug|Any CPU.ActiveCfg = Debug|Any CPU
		{F5DFD451-08D4-49E1-803F-D0417FE4156D}.Debug|Any CPU.Build.0 = Debug|Any CPU
		{F5DFD451-08D4-49E1-803F-D0417FE4156D}.Release|Any CPU.ActiveCfg = Release|Any CPU
		{F5DFD451-08D4-49E1-803F-D0417FE4156D}.Release|Any CPU.Build.0 = Release|Any CPU
	EndGlobalSection
	GlobalSection(SolutionProperties) = preSolution
		HideSolutionNode = FALSE
	EndGlobalSection
EndGlobal
